# THIS IS AN AUTOGENERATED FILE. DO NOT EDIT THIS FILE DIRECTLY.
# yarn lockfile v1


"@vuepress/plugin-back-to-top@^1.4.0":
  version "1.4.0"
  resolved "https://registry.npm.taobao.org/@vuepress/plugin-back-to-top/download/@vuepress/plugin-back-to-top-1.4.0.tgz#baca4daf8de469544956bb21903dbeba691d40e4"
  integrity sha1-uspNr43kaVRJVrshkD2+umkdQOQ=
  dependencies:
    lodash.debounce "^4.0.8"

lodash.debounce@^4.0.8:
  version "4.0.8"
  resolved "https://registry.npm.taobao.org/lodash.debounce/download/lodash.debounce-4.0.8.tgz?cache=0&sync_timestamp=1571657605147&other_urls=https%3A%2F%2Fregistry.npm.taobao.org%2Flodash.debounce%2Fdownload%2Flodash.debounce-4.0.8.tgz#82d79bff30a67c4005ffd5e2515300ad9ca4d7af"
  integrity sha1-gteb/zCmfEAF/9XiUVMArZyk168=

nprogress@^0.2.0:
  version "0.2.0"
  resolved "https://registry.npm.taobao.org/nprogress/download/nprogress-0.2.0.tgz#cb8f34c53213d895723fcbab907e9422adbcafb1"
  integrity sha1-y480xTIT2JVyP8urkH6UIq28r7E=

vuepress-plugin-nprogress@^1.1.6:
  version "1.1.6"
  resolved "https://registry.npm.taobao.org/vuepress-plugin-nprogress/download/vuepress-plugin-nprogress-1.1.6.tgz#cfef778d97323b7c89de6c1c9cc17e9085fef599"
  integrity sha1-z+93jZcyO3yJ3mwcnMF+kIX+9Zk=
  dependencies:
    nprogress "^0.2.0"

vuepress-plugin-zooming@^1.1.7:
  version "1.1.7"
  resolved "https://registry.npm.taobao.org/vuepress-plugin-zooming/download/vuepress-plugin-zooming-1.1.7.tgz#837440f607f8a1782376ac8d20918842ea373f30"
  integrity sha1-g3RA9gf4oXgjdqyNIJGIQuo3PzA=
  dependencies:
    zooming "^2.1.1"

zooming@^2.1.1:
  version "2.1.1"
  resolved "https://registry.npm.taobao.org/zooming/download/zooming-2.1.1.tgz#3e05006b4e10335235ca626244d053d90a9c7e72"
  integrity sha1-PgUAa04QM1I1ymJiRNBT2QqcfnI=
